NeoBundleLock cpp-vim bc7fe9e3ead0be6a6fe3a8f2871b454051365337
NeoBundleLock lightline.vim 4b1dea2efc7d1b546af5e6ddbe804c45d4296ea5
NeoBundleLock neobundle.vim 3d1e9ce7825687181f3c1349673cfc959612f1da
NeoBundleLock neocomplete de6822e7581cfce8c906ed6e9ba863a0dde78352
NeoBundleLock nerdtree 4ebbb533c3faf2c480211db2b547972bb3b60f2b
NeoBundleLock tcomment_vim 8955e2ee67194de3b6b763b7f01e3c164411c0e6
NeoBundleLock vim-arduino-syntax 83f766d22e9d0561f389904f27e894234dfa8d96
